
Microsoft Visual Studio Solution File, Format Version 12.00
# Visual Studio Version 17
VisualStudioVersion = 17.14.36518.9 d17.14
MinimumVisualStudioVersion = 10.0.40219.1
Project("{FAE04EC0-301F-11D3-BF4B-00C04F79EFBC}") = "LocationVoiture.Data", "LocationVoiture.Data\LocationVoiture.Data.csproj", "{3562449E-BB57-4C06-9F51-F6F479B49A6D}"
EndProject
Project("{FAE04EC0-301F-11D3-BF4B-00C04F79EFBC}") = "LocationVoiture.Admin", "LocationVoiture.Admin\LocationVoiture.Admin.csproj", "{A13639EF-AC64-4B3C-9CCB-3D8359FB780A}"
EndProject
Project("{FAE04EC0-301F-11D3-BF4B-00C04F79EFBC}") = "LocationVoiture.Web", "LocationVoiture.Web\LocationVoiture.Web.csproj", "{EA72109A-3094-4130-9C82-F5057699F6B5}"
EndProject
Global
	GlobalSection(SolutionConfigurationPlatforms) = preSolution
		Debug|Any CPU = Debug|Any CPU
		Release|Any CPU = Release|Any CPU
	EndGlobalSection
	GlobalSection(ProjectConfigurationPlatforms) = postSolution
		{3562449E-BB57-4C06-9F51-F6F479B49A6D}.Debug|Any CPU.ActiveCfg = Debug|Any CPU
		{3562449E-BB57-4C06-9F51-F6F479B49A6D}.Debug|Any CPU.Build.0 = Debug|Any CPU
		{3562449E-BB57-4C06-9F51-F6F479B49A6D}.Release|Any CPU.ActiveCfg = Release|Any CPU
		{3562449E-BB57-4C06-9F51-F6F479B49A6D}.Release|Any CPU.Build.0 = Release|Any CPU
		{A13639EF-AC64-4B3C-9CCB-3D8359FB780A}.Debug|Any CPU.ActiveCfg = Debug|Any CPU
		{A13639EF-AC64-4B3C-9CCB-3D8359FB780A}.Debug|Any CPU.Build.0 = Debug|Any CPU
		{A13639EF-AC64-4B3C-9CCB-3D8359FB780A}.Release|Any CPU.ActiveCfg = Release|Any CPU
		{A13639EF-AC64-4B3C-9CCB-3D8359FB780A}.Release|Any CPU.Build.0 = Release|Any CPU
		{EA72109A-3094-4130-9C82-F5057699F6B5}.Debug|Any CPU.ActiveCfg = Debug|Any CPU
		{EA72109A-3094-4130-9C82-F5057699F6B5}.Debug|Any CPU.Build.0 = Debug|Any CPU
		{EA72109A-3094-4130-9C82-F5057699F6B5}.Release|Any CPU.ActiveCfg = Release|Any CPU
		{EA72109A-3094-4130-9C82-F5057699F6B5}.Release|Any CPU.Build.0 = Release|Any CPU
	EndGlobalSection
	GlobalSection(SolutionProperties) = preSolution
		HideSolutionNode = FALSE
	EndGlobalSection
	GlobalSection(ExtensibilityGlobals) = postSolution
		SolutionGuid = {BD5ACDA4-4D51-4B8B-B8AD-0FCB70E99FA8}
	EndGlobalSection
EndGlobal
